
Microsoft Visual Studio Solution File, Format Version 12.00
# Visual Studio Version 16
VisualStudioVersion = 16.0.32802.440
MinimumVisualStudioVersion = 10.0.40219.1
Project("{9A19103F-16F7-4668-BE54-9A1E7A4F7556}") = "FAQ.api", "FAQ.api\FAQ.api.csproj", "{9F4C4153-686C-487C-BF99-94DBD18D757D}"
EndProject
Project("{9A19103F-16F7-4668-BE54-9A1E7A4F7556}") = "FAQ.data", "FAQ.data\FAQ.data.csproj", "{90FCED7B-6E98-4AD4-8F3C-032E2BEA0725}"
EndProject
Project("{FAE04EC0-301F-11D3-BF4B-00C04F79EFBC}") = "FAQ.common", "FAQ.common\FAQ.common.csproj", "{A4B1F6E0-8EAA-4EC4-B134-C28901E0672F}"
EndProject
Global
	GlobalSection(SolutionConfigurationPlatforms) = preSolution
		Debug|Any CPU = Debug|Any CPU
		Release|Any CPU = Release|Any CPU
	EndGlobalSection
	GlobalSection(ProjectConfigurationPlatforms) = postSolution
		{9F4C4153-686C-487C-BF99-94DBD18D757D}.Debug|Any CPU.ActiveCfg = Debug|Any CPU
		{9F4C4153-686C-487C-BF99-94DBD18D757D}.Debug|Any CPU.Build.0 = Debug|Any CPU
		{9F4C4153-686C-487C-BF99-94DBD18D757D}.Release|Any CPU.ActiveCfg = Release|Any CPU
		{9F4C4153-686C-487C-BF99-94DBD18D757D}.Release|Any CPU.Build.0 = Release|Any CPU
		{90FCED7B-6E98-4AD4-8F3C-032E2BEA0725}.Debug|Any CPU.ActiveCfg = Debug|Any CPU
		{90FCED7B-6E98-4AD4-8F3C-032E2BEA0725}.Debug|Any CPU.Build.0 = Debug|Any CPU
		{90FCED7B-6E98-4AD4-8F3C-032E2BEA0725}.Release|Any CPU.ActiveCfg = Release|Any CPU
		{90FCED7B-6E98-4AD4-8F3C-032E2BEA0725}.Release|Any CPU.Build.0 = Release|Any CPU
		{A4B1F6E0-8EAA-4EC4-B134-C28901E0672F}.Debug|Any CPU.ActiveCfg = Debug|Any CPU
		{A4B1F6E0-8EAA-4EC4-B134-C28901E0672F}.Debug|Any CPU.Build.0 = Debug|Any CPU
		{A4B1F6E0-8EAA-4EC4-B134-C28901E0672F}.Release|Any CPU.ActiveCfg = Release|Any CPU
		{A4B1F6E0-8EAA-4EC4-B134-C28901E0672F}.Release|Any CPU.Build.0 = Release|Any CPU
	EndGlobalSection
	GlobalSection(SolutionProperties) = preSolution
		HideSolutionNode = FALSE
	EndGlobalSection
	GlobalSection(ExtensibilityGlobals) = postSolution
		SolutionGuid = {05A5E299-E51A-40F8-8177-77266305B719}
	EndGlobalSection
EndGlobal
